{
    "_meta": {
        "hash": {
            "sha256": "f000aaac8480433d8a28b83d5bc76f832b2a2921b99a106e80823e7d635aedd8"
        },
        "pipfile-spec": 6,
        "requires": {
            "python_version": "3.6"
        },
        "sources": [
            {
                "name": "pypi",
                "url": "https://pypi.org/simple",
                "verify_ssl": true
            }
        ]
    },
    "default": {
        "absl-py": {
            "hashes": [
                "sha256:87519e3b91a3d573664c6e2ee33df582bb68dca6642ae3cf3a4361b1c0a4e9d6"
            ],
            "version": "==0.6.1"
        },
        "astor": {
            "hashes": [
                "sha256:95c30d87a6c2cf89aa628b87398466840f0ad8652f88eb173125a6df8533fb8d",
                "sha256:fb503b9e2fdd05609fbf557b916b4a7824171203701660f0c55bbf5a7a68713e"
            ],
            "version": "==0.7.1"
        },
        "certifi": {
            "hashes": [
                "sha256:47f9c83ef4c0c621eaef743f133f09fa8a74a9b75f037e8624f83bd1b6626cb7",
                "sha256:993f830721089fef441cdfeb4b2c8c9df86f0c63239f06bd025a76a7daddb033"
            ],
            "version": "==2018.11.29"
        },
        "chardet": {
            "hashes": [
                "sha256:84ab92ed1c4d4f16916e05906b6b75a6c0fb5db821cc65e70cbd64a3e2a5eaae",
                "sha256:fc323ffcaeaed0e0a02bf4d117757b98aed530d9ed4531e3e15460124c106691"
            ],
            "version": "==3.0.4"
        },
        "click": {
            "hashes": [
                "sha256:2335065e6395b9e67ca716de5f7526736bfa6ceead690adf616d925bdc622b13",
                "sha256:5b94b49521f6456670fdb30cd82a4eca9412788a93fa6dd6df72c94d5a8ff2d7"
            ],
            "version": "==7.0"
        },
        "flask": {
            "hashes": [
                "sha256:2271c0070dbcb5275fad4a82e29f23ab92682dc45f9dfbc22c02ba9b9322ce48",
                "sha256:a080b744b7e345ccfcbc77954861cb05b3c63786e93f2b3875e0913d44b43f05"
            ],
            "version": "==1.0.2"
        },
        "flask-cors": {
            "hashes": [
                "sha256:7ad56ee3b90d4955148fc25a2ecaa1124fc84298471e266a7fea59aeac4405a5",
                "sha256:7e90bf225fdf163d11b84b59fb17594d0580a16b97ab4e1146b1fb2737c1cfec"
            ],
            "version": "==3.0.7"
        },
        "flatbuffers": {
            "hashes": [
                "sha256:1d367990cbf0ab3b7e9458b81793aa4875082bae2ad497911410f5d1f9234caa",
                "sha256:91800165bedd4efbb4d3a60a7007d2124514faf7f6d85919f7023b74b503445d"
            ],
            "version": "==1.10"
        },
        "gast": {
            "hashes": [
                "sha256:fe939df4583692f0512161ec1c880e0a10e71e6a232da045ab8edd3756fbadf0"
            ],
            "version": "==0.2.2"
        },
        "grpcio": {
            "hashes": [
                "sha256:082bc981d6aabfdb26bfdeab63f5626df3d2c5ac3a9ae8533dfa5ce73432f4fe",
                "sha256:0e8ff79b12b8b07198dd847974fc32a4ed8c0d52d5224fabb9d28bf4c2e3f4a9",
                "sha256:11c8026a3d35e8b9ad6cda7bf4f5e51b9b82e7f29a590ad194f63957657fa808",
                "sha256:145e82aec0a643d7569499b1aa0d5167c99d9d26a2b8c4e4b3f5cd51b99a8cdc",
                "sha256:1a820ebf0c924cbfa299cb59e4bc9582a24abfec89d9a36c281d78fa941115ae",
                "sha256:284bee4657c4dd7d48835128b31975e8b0ea3a2eeb084c5d46de215b31d1f8f5",
                "sha256:2a8b6b569fd23f4d9f2c8201fd8995519dfbddc60ceeffa8bf5bea2a8e9cb72c",
                "sha256:38b93080df498656aea1dbab632e32013c580c2d00bd8c30d0f1d2c9513b0469",
                "sha256:4837ad8fdcf99df0e89214ba42001469cab807851f30481db41fd84fc9358ce7",
                "sha256:5447336edd6fea8ab35eca34ff5289e369e22c375bc2ac8156a419fa467949ac",
                "sha256:57705e31f76db45b51f3a98bcfd362c89d58e99f846337a25fed957b4d43ae4f",
                "sha256:612e742c748df51c921a7eefd76195d76467e3cc00e084e089af5b111d8210b7",
                "sha256:62c777f801aee22100d8ea5fa057020e37b65541a8000091879a8560b089da9d",
                "sha256:8317d351ab1e80cf20676ef3d4929d3e760df10e6e5c289283c36c4c92ca61f7",
                "sha256:8703efaf03396123426fdea08b369712df1248fa5fdfdbee3f87a410f52e9bac",
                "sha256:8b72721e64becd4a3e9580f12dbdf618d41e80d3ae7585dc8a921dbf76c979bb",
                "sha256:8bb7dbe20fe883ee22a6cb2c1317ea228b75a3ef60f3749584ee2634192e3452",
                "sha256:9a7ed6160e6c14058b4676aac68a8bf268f171f4c371ff0a0c0ab81b90803f70",
                "sha256:a46c34768f292fa0d97e929591e51ec20dc857321d83b198de1dad9c8183e8cb",
                "sha256:a7f21a7b48fcd9f51029419b22a9bfea097973cca5d1529b8578f1d2919e6b23",
                "sha256:adfee9c9099cae92c2a4948bc95cc2cc3185cdf59b371e056b8dd19ed434247e",
                "sha256:b3bbeadc6b99e4a42bf23803f5e9b292f23f3e37cc7f75a9f5efbfa9b812abc1",
                "sha256:b51d49d89758ea45841130c5c7be79c68612d8834bd600994b8a2672c59dc9b9",
                "sha256:cbb95a586fdf3e795eba28b4acc75fdfdb59a14df62e747fe8bc4572ef37b647",
                "sha256:cdea5595b30f027e6603887b71f343ca5b209da74b910fe04fc25e1dfe6df263",
                "sha256:d64350156dc4b21914409e0c93ffeeb4ceba193716fb1ae570df699383c4cd63",
                "sha256:e10bbef59706a90672b295c0f82dcb6329d829643b8dd7c3bd120f89a093d740",
                "sha256:e68e6afbbae2cbfadaabd33ee40314963cd83500feff733c07edb172674a7f8b",
                "sha256:f0c0e48c255a63fec78be2f240ff5a3bd4291b1f83976895f6ee0085362568d0",
                "sha256:f7bb6617bae5e7333e66ec1e7aac1fe419b59e0e34a8717f97e1ce2791ab9d3a",
                "sha256:fa6e14bce7ad5de2363abb644191489ddfffcdb2751337251f7ef962ab7e3293",
                "sha256:fd6774bbb6c717f725b39394757445ead4f69c471118364933aadb81a4f16961"
            ],
            "version": "==1.17.1"
        },
        "h5py": {
            "hashes": [
                "sha256:05750b91640273c69989c657eaac34b091abdd75efc8c4824c82aaf898a2da0a",
                "sha256:082a27208aa3a2286e7272e998e7e225b2a7d4b7821bd840aebf96d50977abbb",
                "sha256:08e2e8297195f9e813e894b6c63f79372582787795bba2014a2db6a2de95f713",
                "sha256:0dd2adeb2e9de5081eb8dcec88874e7fd35dae9a21557be3a55a3c7d491842a4",
                "sha256:0f94de7a10562b991967a66bbe6dda9808e18088676834c0a4dcec3fdd3bcc6f",
                "sha256:106e42e2e01e486a3d32eeb9ba0e3a7f65c12fa8998d63625fa41fb8bdc44cdb",
                "sha256:1606c66015f04719c41a9863c156fc0e6b992150de21c067444bcb82e7d75579",
                "sha256:1854c4beff9961e477e133143c5e5e355dac0b3ebf19c52cf7cc1b1ef757703c",
                "sha256:1e9fb6f1746500ea91a00193ce2361803c70c6b13f10aae9a33ad7b5bd28e800",
                "sha256:2cca17e80ddb151894333377675db90cd0279fa454776e0a4f74308376afd050",
                "sha256:30e365e8408759db3778c361f1e4e0fe8e98a875185ae46c795a85e9bafb9cdf",
                "sha256:3206bac900e16eda81687d787086f4ffd4f3854980d798e191a9868a6510c3ae",
                "sha256:3c23d72058647cee19b30452acc7895621e2de0a0bd5b8a1e34204b9ea9ed43c",
                "sha256:407b5f911a83daa285bbf1ef78a9909ee5957f257d3524b8606be37e8643c5f0",
                "sha256:4162953714a9212d373ac953c10e3329f1e830d3c7473f2a2e4f25dd6241eef0",
                "sha256:5fc7aba72a51b2c80605eba1c50dbf84224dcd206279d30a75c154e5652e1fe4",
                "sha256:713ac19307e11de4d9833af0c4bd6778bde0a3d967cafd2f0f347223711c1e31",
                "sha256:71b946d80ef3c3f12db157d7778b1fe74a517ca85e94809358b15580983c2ce2",
                "sha256:8cc4aed71e20d87e0a6f02094d718a95252f11f8ed143bc112d22167f08d4040",
                "sha256:9d41ca62daf36d6b6515ab8765e4c8c4388ee18e2a665701fef2b41563821002",
                "sha256:a744e13b000f234cd5a5b2a1f95816b819027c57f385da54ad2b7da1adace2f3",
                "sha256:b087ee01396c4b34e9dc41e3a6a0442158206d383c19c7d0396d52067b17c1cb",
                "sha256:b0f03af381d33306ce67d18275b61acb4ca111ced645381387a02c8a5ee1b796",
                "sha256:b9e4b8dfd587365bdd719ae178fa1b6c1231f81280b1375eef8626dfd8761bf3",
                "sha256:c5dd4ec75985b99166c045909e10f0534704d102848b1d9f0992720e908928e7",
                "sha256:d2b82f23cd862a9d05108fe99967e9edfa95c136f532a71cb3d28dc252771f50",
                "sha256:e58a25764472af07b7e1c4b10b0179c8ea726446c7141076286e41891bf3a563",
                "sha256:f3b49107fbfc77333fc2b1ef4d5de2abcd57e7ea3a1482455229494cf2da56ce"
            ],
            "version": "==2.9.0"
        },
        "idna": {
            "hashes": [
                "sha256:c357b3f628cf53ae2c4c05627ecc484553142ca23264e593d327bcde5e9c3407",
                "sha256:ea8b7f6188e6fa117537c3df7da9fc686d485087abf6ac197f9c46432f7e4a3c"
            ],
            "version": "==2.8"
        },
        "itsdangerous": {
            "hashes": [
                "sha256:321b033d07f2a4136d3ec762eac9f16a10ccd60f53c0c91af90217ace7ba1f19",
                "sha256:b12271b2047cb23eeb98c8b5622e2e5c5e9abd9784a153e9d8ef9cb4dd09d749"
            ],
            "version": "==1.1.0"
        },
        "jinja2": {
            "hashes": [
                "sha256:74c935a1b8bb9a3947c50a54766a969d4846290e1e788ea44c1392163723c3bd",
                "sha256:f84be1bb0040caca4cea721fcbbbbd61f9be9464ca236387158b0feea01914a4"
            ],
            "version": "==2.10"
        },
        "keras-applications": {
            "hashes": [
                "sha256:721dda4fa4e043e5bbd6f52a2996885c4639a7130ae478059b3798d0706f5ae7",
                "sha256:a03af60ddc9c5afdae4d5c9a8dd4ca857550e0b793733a5072e0725829b87017"
            ],
            "version": "==1.0.6"
        },
        "keras-preprocessing": {
            "hashes": [
                "sha256:90d04c1750bccceef88ac09475c291b4b5f6aa1eaf0603167061b1aa8b043c61",
                "sha256:ef2e482c4336fcf7180244d06f4374939099daa3183816e82aee7755af35b754"
            ],
            "version": "==1.0.5"
        },
        "markdown": {
            "hashes": [
                "sha256:c00429bd503a47ec88d5e30a751e147dcb4c6889663cd3e2ba0afe858e009baa",
                "sha256:d02e0f9b04c500cde6637c11ad7c72671f359b87b9fe924b2383649d8841db7c"
            ],
            "version": "==3.0.1"
        },
        "markupsafe": {
            "hashes": [
                "sha256:048ef924c1623740e70204aa7143ec592504045ae4429b59c30054cb31e3c432",
                "sha256:130f844e7f5bdd8e9f3f42e7102ef1d49b2e6fdf0d7526df3f87281a532d8c8b",
                "sha256:19f637c2ac5ae9da8bfd98cef74d64b7e1bb8a63038a3505cd182c3fac5eb4d9",
                "sha256:1b8a7a87ad1b92bd887568ce54b23565f3fd7018c4180136e1cf412b405a47af",
                "sha256:1c25694ca680b6919de53a4bb3bdd0602beafc63ff001fea2f2fc16ec3a11834",
                "sha256:1f19ef5d3908110e1e891deefb5586aae1b49a7440db952454b4e281b41620cd",
                "sha256:1fa6058938190ebe8290e5cae6c351e14e7bb44505c4a7624555ce57fbbeba0d",
                "sha256:31cbb1359e8c25f9f48e156e59e2eaad51cd5242c05ed18a8de6dbe85184e4b7",
                "sha256:3e835d8841ae7863f64e40e19477f7eb398674da6a47f09871673742531e6f4b",
                "sha256:4e97332c9ce444b0c2c38dd22ddc61c743eb208d916e4265a2a3b575bdccb1d3",
                "sha256:525396ee324ee2da82919f2ee9c9e73b012f23e7640131dd1b53a90206a0f09c",
                "sha256:52b07fbc32032c21ad4ab060fec137b76eb804c4b9a1c7c7dc562549306afad2",
                "sha256:52ccb45e77a1085ec5461cde794e1aa037df79f473cbc69b974e73940655c8d7",
                "sha256:5c3fbebd7de20ce93103cb3183b47671f2885307df4a17a0ad56a1dd51273d36",
                "sha256:5e5851969aea17660e55f6a3be00037a25b96a9b44d2083651812c99d53b14d1",
                "sha256:5edfa27b2d3eefa2210fb2f5d539fbed81722b49f083b2c6566455eb7422fd7e",
                "sha256:7d263e5770efddf465a9e31b78362d84d015cc894ca2c131901a4445eaa61ee1",
                "sha256:83381342bfc22b3c8c06f2dd93a505413888694302de25add756254beee8449c",
                "sha256:857eebb2c1dc60e4219ec8e98dfa19553dae33608237e107db9c6078b1167856",
                "sha256:98e439297f78fca3a6169fd330fbe88d78b3bb72f967ad9961bcac0d7fdd1550",
                "sha256:bf54103892a83c64db58125b3f2a43df6d2cb2d28889f14c78519394feb41492",
                "sha256:d9ac82be533394d341b41d78aca7ed0e0f4ba5a2231602e2f05aa87f25c51672",
                "sha256:e982fe07ede9fada6ff6705af70514a52beb1b2c3d25d4e873e82114cf3c5401",
                "sha256:edce2ea7f3dfc981c4ddc97add8a61381d9642dc3273737e756517cc03e84dd6",
                "sha256:efdc45ef1afc238db84cb4963aa689c0408912a0239b0721cb172b4016eb31d6",
                "sha256:f137c02498f8b935892d5c0172560d7ab54bc45039de8805075e19079c639a9c",
                "sha256:f82e347a72f955b7017a39708a3667f106e6ad4d10b25f237396a7115d8ed5fd",
                "sha256:fb7c206e01ad85ce57feeaaa0bf784b97fa3cad0d4a5737bc5295785f5c613a1"
            ],
            "version": "==1.1.0"
        },
        "numpy": {
            "hashes": [
                "sha256:00a458d6821b1e87be873f2126d5646b901047a7480e8ae9773ecf214f0e19f3",
                "sha256:0470c5dc32212a08ebc2405f32e8ceb9a5b1c8ac61a2daf9835ec0856a220495",
                "sha256:24a9c287a4a1c427c2d45bf7c4fc6180c52a08fa0990d4c94e4c86a9b1e23ba5",
                "sha256:25600e8901012180a1b7cd1ac3e27e7793586ecd432383191929ac2edf37ff5d",
                "sha256:2d279bd99329e72c30937bdef82b6dc7779c7607c5a379bab1bf76be1f4c1422",
                "sha256:32af2bcf4bb7631dac19736a6e092ec9715e770dcaa1f85fcd99dec5040b2a4d",
                "sha256:3e90a9fce378114b6c2fc01fff7423300515c7b54b7cc71b02a22bc0bd7dfdd8",
                "sha256:5774d49516c37fd3fc1f232e033d2b152f3323ca4c7bfefd7277e4c67f3c08b4",
                "sha256:64ff21aac30d40c20ba994c94a08d439b8ced3b9c704af897e9e4ba09d10e62c",
                "sha256:803b2af862dcad6c11231ea3cd1015d1293efd6c87088be33d713a9b23e9e419",
                "sha256:95c830b09626508f7808ce7f1344fb98068e63143e6050e5dc3063142fc60007",
                "sha256:96e49a0c82b4e3130093002f625545104037c2d25866fa2e0c90d6e54f5a1fbc",
                "sha256:a1dd8221f0e69038748f47b8bb3248d0b9ecdf13fe837440951c3d5ff72639bb",
                "sha256:a80ecac5664f420556a725a5646f2d1c60a7c0489d68a38b5056393e949e27ac",
                "sha256:b19a47ff1bd2fca0cacdfa830c967746764c32dca6a0c0328d9c893f4bfe2f6b",
                "sha256:be43df2c563e264b38e3318574d80fc8f365df3fb745270934d2dbe54e006f41",
                "sha256:c40cb17188f6ae3c5b6efc6f0fd43a7ddd219b7807fe179e71027849a9b91afc",
                "sha256:c6251e0f0ecac53ba2b99d9f0cc16fa9021914a78869c38213c436ba343641f0",
                "sha256:cb189bd98b2e7ac02df389b6212846ab20661f4bafe16b5a70a6f1728c1cc7cb",
                "sha256:ef4ae41add536cb825d8aa029c15ef510aead06ea5b68daea64f0b9ecbff17db",
                "sha256:f00a2c21f60284e024bba351875f3501c6d5817d64997a0afe4f4355161a8889",
                "sha256:f1232f98a6bbd6d1678249f94028bccc541bbc306aa5c4e1471a881b0e5a3409",
                "sha256:fea682f6ddc09517df0e6d5caad9613c6d91a42232aeb082df67e4d205de19cc"
            ],
            "version": "==1.16.0"
        },
        "protobuf": {
            "hashes": [
                "sha256:10394a4d03af7060fa8a6e1cbf38cea44be1467053b0aea5bbfcb4b13c4b88c4",
                "sha256:1489b376b0f364bcc6f89519718c057eb191d7ad6f1b395ffd93d1aa45587811",
                "sha256:1931d8efce896981fe410c802fd66df14f9f429c32a72dd9cfeeac9815ec6444",
                "sha256:196d3a80f93c537f27d2a19a4fafb826fb4c331b0b99110f985119391d170f96",
                "sha256:46e34fdcc2b1f2620172d3a4885128705a4e658b9b62355ae5e98f9ea19f42c2",
                "sha256:4b92e235a3afd42e7493b281c8b80c0c65cbef45de30f43d571d1ee40a1f77ef",
                "sha256:574085a33ca0d2c67433e5f3e9a0965c487410d6cb3406c83bdaf549bfc2992e",
                "sha256:59cd75ded98094d3cf2d79e84cdb38a46e33e7441b2826f3838dcc7c07f82995",
                "sha256:5ee0522eed6680bb5bac5b6d738f7b0923b3cafce8c4b1a039a6107f0841d7ed",
                "sha256:65917cfd5da9dfc993d5684643063318a2e875f798047911a9dd71ca066641c9",
                "sha256:685bc4ec61a50f7360c9fd18e277b65db90105adbf9c79938bd315435e526b90",
                "sha256:92e8418976e52201364a3174e40dc31f5fd8c147186d72380cbda54e0464ee19",
                "sha256:9335f79d1940dfb9bcaf8ec881fb8ab47d7a2c721fb8b02949aab8bbf8b68625",
                "sha256:a7ee3bb6de78185e5411487bef8bc1c59ebd97e47713cba3c460ef44e99b3db9",
                "sha256:ceec283da2323e2431c49de58f80e1718986b79be59c266bb0509cbf90ca5b9e",
                "sha256:fcfc907746ec22716f05ea96b7f41597dfe1a1c088f861efb8a0d4f4196a6f10"
            ],
            "version": "==3.6.1"
        },
        "redis": {
            "hashes": [
                "sha256:2100750629beff143b6a200a2ea8e719fcf26420adabb81402895e144c5083cf",
                "sha256:8e0bdd2de02e829b6225b25646f9fb9daffea99a252610d040409a6738541f0a"
            ],
            "version": "==3.0.1"
        },
        "requests": {
            "hashes": [
                "sha256:502a824f31acdacb3a35b6690b5fbf0bc41d63a24a45c4004352b0242707598e",
                "sha256:7bf2a778576d825600030a110f3c0e3e8edc51dfaafe1c146e39a2027784957b"
            ],
            "version": "==2.21.0"
        },
        "seldon-core": {
            "hashes": [
                "sha256:cb0308249f0f8d7fcad8e0cc68984d0a167430f9e2793d6d0505738aaf71b120",
                "sha256:fcb549e9ba464e06addc1b84f8e2cb51b7c729ad6a0d65f8f5760fe4c2fd3cd7"
            ],
            "index": "pypi",
            "version": "==0.2.5"
        },
        "six": {
            "hashes": [
                "sha256:3350809f0555b11f552448330d0b52d5f24c91a322ea4a15ef22629740f3761c",
                "sha256:d16a0141ec1a18405cd4ce8b4613101da75da0e9a7aec5bdd4fa804d0e0eba73"
            ],
            "version": "==1.12.0"
        },
        "tensorboard": {
            "hashes": [
                "sha256:6f194519f41762bfdf5eb410ccf33226d1c252caf5ad8893288648bfbcf4d135",
                "sha256:81170f66bf8f95c2e9f6b3fefe0ddc5472655a9e3793e73b5b5d4ec0ba395e76"
            ],
            "version": "==1.12.2"
        },
        "tensorflow": {
            "hashes": [
                "sha256:16fb8a59e724afd37a276d33b7e2ed070e5c84899a8d4cfc3fe1bb446a859da7",
                "sha256:1ae50e44c0b29df5fb5b460118be5a257b4eb3e561008f64d2c4c715651259b7",
                "sha256:1b7d09cc26ef727d628dcb74841b89374a38ed81af25bd589a21659ef67443da",
                "sha256:2681b55d3e434e20fe98e3a3b1bde3588af62d7864b62feee4141a71e29ef594",
                "sha256:42fc8398ce9f9895b488f516ea0143cf6cf2a3a5fc804da4a190b063304bc173",
                "sha256:531619ad1c17b4084d09f442a9171318af813e81aae748e5de8274d561461749",
                "sha256:5cee35f8a6a12e83560f30246811643efdc551c364bc981d27f21fbd0926403d",
                "sha256:6ad6ed495f1a3d445c43d90cb2ce251ff5532fd6436e25f52977ee59ffa583df",
                "sha256:cd8c1a899e3befe1ccb774ea1aae077a4b1286f855c956210b23766f4ac85c30",
                "sha256:d3f3d7cd9bd4cdc7ebf25fd6c2dfc103dcf4b2834ae9276cc4cf897eb1515f6d",
                "sha256:e4f479e6aca595acc98347364288cbdfd3c025ca85389380174ea75a43c327b7",
                "sha256:f587dc03b5f0d1e50cca39b7159c9f21ffdec96273dbf5f7619d48c622cb21f2"
            ],
            "version": "==1.12.0"
        },
        "termcolor": {
            "hashes": [
                "sha256:1d6d69ce66211143803fbc56652b41d73b4a400a2891d7bf7a1cdf4c02de613b"
            ],
            "version": "==1.1.0"
        },
        "tornado": {
            "hashes": [
                "sha256:0662d28b1ca9f67108c7e3b77afabfb9c7e87bde174fbda78186ecedc2499a9d",
                "sha256:4e5158d97583502a7e2739951553cbd88a72076f152b4b11b64b9a10c4c49409",
                "sha256:732e836008c708de2e89a31cb2fa6c0e5a70cb60492bee6f1ea1047500feaf7f",
                "sha256:8154ec22c450df4e06b35f131adc4f2f3a12ec85981a203301d310abf580500f",
                "sha256:8e9d728c4579682e837c92fdd98036bd5cdefa1da2aaf6acf26947e6dd0c01c5",
                "sha256:d4b3e5329f572f055b587efc57d29bd051589fb5a43ec8898c77a47ec2fa2bbb",
                "sha256:e5f2585afccbff22390cddac29849df463b252b711aa2ce7c5f3f342a5b3b444"
            ],
            "version": "==5.1.1"
        },
        "urllib3": {
            "hashes": [
                "sha256:61bf29cada3fc2fbefad4fdf059ea4bd1b4a86d2b6d15e1c7c0b582b9752fe39",
                "sha256:de9529817c93f27c8ccbfead6985011db27bd0ddfcdb2d86f3f663385c6a9c22"
            ],
            "version": "==1.24.1"
        },
        "werkzeug": {
            "hashes": [
                "sha256:c3fd7a7d41976d9f44db327260e263132466836cef6f91512889ed60ad26557c",
                "sha256:d5da73735293558eb1651ee2fddc4d0dedcfa06538b8813a2e20011583c9e49b"
            ],
            "version": "==0.14.1"
        },
        "wheel": {
            "hashes": [
                "sha256:029703bf514e16c8271c3821806a1c171220cc5bdd325cbf4e7da1e056a01db6",
                "sha256:1e53cdb3f808d5ccd0df57f964263752aa74ea7359526d3da6c02114ec1e1d44"
            ],
            "markers": "python_version >= '3'",
            "version": "==0.32.3"
        }
    },
    "develop": {}
}
